
Microsoft Visual Studio Solution File, Format Version 12.00
# Visual Studio Version 16
VisualStudioVersion = 16.0.31729.503
MinimumVisualStudioVersion = 10.0.40219.1
Project("{FAE04EC0-301F-11D3-BF4B-00C04F79EFBC}") = "ConvertXYZ", "ConvertXYZ.csproj", "{811476A1-83CA-414C-8278-DEB5171E2804}"
EndProject
Global
	GlobalSection(SolutionConfigurationPlatforms) = preSolution
		Debug|Any CPU = Debug|Any CPU
		Release|Any CPU = Release|Any CPU
	EndGlobalSection
	GlobalSection(ProjectConfigurationPlatforms) = postSolution
		{811476A1-83CA-414C-8278-DEB5171E2804}.Debug|Any CPU.ActiveCfg = Debug|Any CPU
		{811476A1-83CA-414C-8278-DEB5171E2804}.Debug|Any CPU.Build.0 = Debug|Any CPU
		{811476A1-83CA-414C-8278-DEB5171E2804}.Release|Any CPU.ActiveCfg = Release|Any CPU
		{811476A1-83CA-414C-8278-DEB5171E2804}.Release|Any CPU.Build.0 = Release|Any CPU
	EndGlobalSection
	GlobalSection(SolutionProperties) = preSolution
		HideSolutionNode = FALSE
	EndGlobalSection
	GlobalSection(ExtensibilityGlobals) = postSolution
		SolutionGuid = {E17D4E9B-944B-45EB-AF40-1BBACA993509}
	EndGlobalSection
EndGlobal
